dependencies:
- name: nyomio-certs
  repository: file://../../certs/helm
  version: 0.0.1
- name: nyomio-keycloak
  repository: file://../../nyomio-keycloak
  version: 0.0.2
- name: nyomio-traefik
  repository: file://../../nyomio-traefik
  version: 0.0.1
- name: nyomio-postgres
  repository: file://../../nyomio-postgres
  version: 0.0.1
- name: nyomio-auth-microservice
  repository: file://../../auth-microservice/helm
  version: 0.0.1
digest: sha256:3f67b10c0b4adc4daba04a12b0cbe251c460e56d47c26fb54a19a97f2d8ee764
generated: "2020-01-07T15:53:00.544098857+01:00"
